
Microsoft Visual Studio Solution File, Format Version 12.00
# Visual Studio Version 17
VisualStudioVersion = 17.14.36121.58
MinimumVisualStudioVersion = 10.0.40219.1
Project("{FAE04EC0-301F-11D3-BF4B-00C04F79EFBC}") = "BlazorRabbitMQ.Server", "BlazorRabbitMQ.Server\BlazorRabbitMQ.Server.csproj", "{FD466D0C-A6F6-CD89-127F-9E93425B62BF}"
EndProject
Project("{FAE04EC0-301F-11D3-BF4B-00C04F79EFBC}") = "BlazorRabbitMQ.Client", "BlazorRabbitMQ.Client\BlazorRabbitMQ.Client.csproj", "{61173147-37C5-3C29-FEF6-4DE4042E906A}"
EndProject
Project("{2150E333-8FDC-42A3-9474-1A3956D46DE8}") = "Solution Files", "Solution Files", "{02EA681E-C7D8-13C7-8484-4AC65E1B71E8}"
	ProjectSection(SolutionItems) = preProject
		docker-compose.yml = docker-compose.yml
		README.md = README.md
	EndProjectSection
EndProject
Project("{FAE04EC0-301F-11D3-BF4B-00C04F79EFBC}") = "BlazorRabbitMQ.Shared", "BlazorRabbitMQ.Shared\BlazorRabbitMQ.Shared.csproj", "{6F529BA7-E313-0B39-A786-163AA2F18B4E}"
EndProject
Global
	GlobalSection(SolutionConfigurationPlatforms) = preSolution
		Debug|Any CPU = Debug|Any CPU
		Release|Any CPU = Release|Any CPU
	EndGlobalSection
	GlobalSection(ProjectConfigurationPlatforms) = postSolution
		{FD466D0C-A6F6-CD89-127F-9E93425B62BF}.Debug|Any CPU.ActiveCfg = Debug|Any CPU
		{FD466D0C-A6F6-CD89-127F-9E93425B62BF}.Debug|Any CPU.Build.0 = Debug|Any CPU
		{FD466D0C-A6F6-CD89-127F-9E93425B62BF}.Release|Any CPU.ActiveCfg = Release|Any CPU
		{FD466D0C-A6F6-CD89-127F-9E93425B62BF}.Release|Any CPU.Build.0 = Release|Any CPU
		{61173147-37C5-3C29-FEF6-4DE4042E906A}.Debug|Any CPU.ActiveCfg = Debug|Any CPU
		{61173147-37C5-3C29-FEF6-4DE4042E906A}.Debug|Any CPU.Build.0 = Debug|Any CPU
		{61173147-37C5-3C29-FEF6-4DE4042E906A}.Release|Any CPU.ActiveCfg = Release|Any CPU
		{61173147-37C5-3C29-FEF6-4DE4042E906A}.Release|Any CPU.Build.0 = Release|Any CPU
		{6F529BA7-E313-0B39-A786-163AA2F18B4E}.Debug|Any CPU.ActiveCfg = Debug|Any CPU
		{6F529BA7-E313-0B39-A786-163AA2F18B4E}.Debug|Any CPU.Build.0 = Debug|Any CPU
		{6F529BA7-E313-0B39-A786-163AA2F18B4E}.Release|Any CPU.ActiveCfg = Release|Any CPU
		{6F529BA7-E313-0B39-A786-163AA2F18B4E}.Release|Any CPU.Build.0 = Release|Any CPU
	EndGlobalSection
	GlobalSection(SolutionProperties) = preSolution
		HideSolutionNode = FALSE
	EndGlobalSection
	GlobalSection(ExtensibilityGlobals) = postSolution
		SolutionGuid = {9AF9CFF4-8DA2-4E8B-9E25-00C677ABFC44}
	EndGlobalSection
EndGlobal
